
Microsoft Visual Studio Solution File, Format Version 12.00
# Visual Studio Version 17
VisualStudioVersion = 17.10.35004.147
MinimumVisualStudioVersion = 10.0.40219.1
Project("{FAE04EC0-301F-11D3-BF4B-00C04F79EFBC}") = "Company.Data", "Company.Data\Company.Data.csproj", "{DAB972AB-DC6E-427D-B269-0B3AD7305AC1}"
EndProject
Project("{FAE04EC0-301F-11D3-BF4B-00C04F79EFBC}") = "Company.app", "Company.app\Company.app.csproj", "{EB126D0A-E3F5-42B7-8754-05784B4F25D3}"
EndProject
Project("{FAE04EC0-301F-11D3-BF4B-00C04F79EFBC}") = "company.repo", "company.repo\company.repo.csproj", "{6F29BE99-83E4-4C60-9868-201DD832C1A0}"
EndProject
Project("{FAE04EC0-301F-11D3-BF4B-00C04F79EFBC}") = "company.services", "company.services\company.services.csproj", "{00CEDB0D-303A-4FB5-BEE9-CD1C9DFACE31}"
EndProject
Global
	GlobalSection(SolutionConfigurationPlatforms) = preSolution
		Debug|Any CPU = Debug|Any CPU
		Release|Any CPU = Release|Any CPU
	EndGlobalSection
	GlobalSection(ProjectConfigurationPlatforms) = postSolution
		{DAB972AB-DC6E-427D-B269-0B3AD7305AC1}.Debug|Any CPU.ActiveCfg = Debug|Any CPU
		{DAB972AB-DC6E-427D-B269-0B3AD7305AC1}.Debug|Any CPU.Build.0 = Debug|Any CPU
		{DAB972AB-DC6E-427D-B269-0B3AD7305AC1}.Release|Any CPU.ActiveCfg = Release|Any CPU
		{DAB972AB-DC6E-427D-B269-0B3AD7305AC1}.Release|Any CPU.Build.0 = Release|Any CPU
		{EB126D0A-E3F5-42B7-8754-05784B4F25D3}.Debug|Any CPU.ActiveCfg = Debug|Any CPU
		{EB126D0A-E3F5-42B7-8754-05784B4F25D3}.Debug|Any CPU.Build.0 = Debug|Any CPU
		{EB126D0A-E3F5-42B7-8754-05784B4F25D3}.Release|Any CPU.ActiveCfg = Release|Any CPU
		{EB126D0A-E3F5-42B7-8754-05784B4F25D3}.Release|Any CPU.Build.0 = Release|Any CPU
		{6F29BE99-83E4-4C60-9868-201DD832C1A0}.Debug|Any CPU.ActiveCfg = Debug|Any CPU
		{6F29BE99-83E4-4C60-9868-201DD832C1A0}.Debug|Any CPU.Build.0 = Debug|Any CPU
		{6F29BE99-83E4-4C60-9868-201DD832C1A0}.Release|Any CPU.ActiveCfg = Release|Any CPU
		{6F29BE99-83E4-4C60-9868-201DD832C1A0}.Release|Any CPU.Build.0 = Release|Any CPU
		{00CEDB0D-303A-4FB5-BEE9-CD1C9DFACE31}.Debug|Any CPU.ActiveCfg = Debug|Any CPU
		{00CEDB0D-303A-4FB5-BEE9-CD1C9DFACE31}.Debug|Any CPU.Build.0 = Debug|Any CPU
		{00CEDB0D-303A-4FB5-BEE9-CD1C9DFACE31}.Release|Any CPU.ActiveCfg = Release|Any CPU
		{00CEDB0D-303A-4FB5-BEE9-CD1C9DFACE31}.Release|Any CPU.Build.0 = Release|Any CPU
	EndGlobalSection
	GlobalSection(SolutionProperties) = preSolution
		HideSolutionNode = FALSE
	EndGlobalSection
	GlobalSection(ExtensibilityGlobals) = postSolution
		SolutionGuid = {73444F30-EBE7-458E-8F47-0D69A7DC9819}
	EndGlobalSection
EndGlobal
